// !$*UTF8*$!
{
	archiveVersion = 1;
	classes = {
	};
	objectVersion = 55;
	objects = {

/* Begin PBXBuildFile section */
		C2EEB3512754785C00DB0D7B /* AppDelegate.swift in Sources */ = {isa = PBXBuildFile; fileRef = C2EEB3502754785C00DB0D7B /* AppDelegate.swift */; };
		C2EEB3532754785C00DB0D7B /* SceneDelegate.swift in Sources */ = {isa = PBXBuildFile; fileRef = C2EEB3522754785C00DB0D7B /* SceneDelegate.swift */; };
		C2EEB3552754785C00DB0D7B /* ViewController.swift in Sources */ = {isa = PBXBuildFile; fileRef = C2EEB3542754785C00DB0D7B /* ViewController.swift */; };
		C2EEB3582754785C00DB0D7B /* Main.storyboard in Resources */ = {isa = PBXBuildFile; fileRef = C2EEB3562754785C00DB0D7B /* Main.storyboard */; };
		C2EEB35A2754785E00DB0D7B /* Assets.xcassets in Resources */ = {isa = PBXBuildFile; fileRef = C2EEB3592754785E00DB0D7B /* Assets.xcassets */; };
		C2EEB35D2754785E00DB0D7B /* LaunchScreen.storyboard in Resources */ = {isa = PBXBuildFile; fileRef = C2EEB35B2754785E00DB0D7B /* LaunchScreen.storyboard */; };
		C2EEB3652754789000DB0D7B /* ServiceMovie.swift in Sources */ = {isa = PBXBuildFile; fileRef = C2EEB3642754789000DB0D7B /* ServiceMovie.swift */; };
		C2EEB3672754790100DB0D7B /* movieModel.swift in Sources */ = {isa = PBXBuildFile; fileRef = C2EEB3662754790100DB0D7B /* movieModel.swift */; };
/* End PBXBuildFile section */

/* Begin PBXFileReference section */
		C2EEB34D2754785C00DB0D7B /* PodServices.app */ = {isa = PBXFileReference; explicitFileType = wrapper.application; includeInIndex = 0; path = PodServices.app; sourceTree = BUILT_PRODUCTS_DIR; };
		C2EEB3502754785C00DB0D7B /* AppDelegate.swift */ = {isa = PBXFileReference; lastKnownFileType = sourcecode.swift; path = AppDelegate.swift; sourceTree = "<group>"; };
		C2EEB3522754785C00DB0D7B /* SceneDelegate.swift */ = {isa = PBXFileReference; lastKnownFileType = sourcecode.swift; path = SceneDelegate.swift; sourceTree = "<group>"; };
		C2EEB3542754785C00DB0D7B /* ViewController.swift */ = {isa = PBXFileReference; lastKnownFileType = sourcecode.swift; path = ViewController.swift; sourceTree = "<group>"; };
		C2EEB3572754785C00DB0D7B /* Base */ = {isa = PBXFileReference; lastKnownFileType = file.storyboard; name = Base; path = Base.lproj/Main.storyboard; sourceTree = "<group>"; };
		C2EEB3592754785E00DB0D7B /* Assets.xcassets */ = {isa = PBXFileReference; lastKnownFileType = folder.assetcatalog; path = Assets.xcassets; sourceTree = "<group>"; };
		C2EEB35C2754785E00DB0D7B /* Base */ = {isa = PBXFileReference; lastKnownFileType = file.storyboard; name = Base; path = Base.lproj/LaunchScreen.storyboard; sourceTree = "<group>"; };
		C2EEB35E2754785E00DB0D7B /* Info.plist */ = {isa = PBXFileReference; lastKnownFileType = text.plist.xml; path = Info.plist; sourceTree = "<group>"; };
		C2EEB3642754789000DB0D7B /* ServiceMovie.swift */ = {isa = PBXFileReference; lastKnownFileType = sourcecode.swift; path = ServiceMovie.swift; sourceTree = "<group>"; };
		C2EEB3662754790100DB0D7B /* movieModel.swift */ = {isa = PBXFileReference; fileEncoding = 4; lastKnownFileType = sourcecode.swift; path = movieModel.swift; sourceTree = "<group>"; };
/* End PBXFileReference section */

/* Begin PBXFrameworksBuildPhase section */
		C2EEB34A2754785C00DB0D7B /* Frameworks */ = {
			isa = PBXFrameworksBuildPhase;
			buildActionMask = 2147483647;
			files = (
			);
			runOnlyForDeploymentPostprocessing = 0;
		};
/* End PBXFrameworksBuildPhase section */

/* Begin PBXGroup section */
		C2EEB3442754785C00DB0D7B = {
			isa = PBXGroup;
			children = (
				C2EEB34F2754785C00DB0D7B /* PodServices */,
				C2EEB34E2754785C00DB0D7B /* Products */,
			);
			sourceTree = "<group>";
		};
		C2EEB34E2754785C00DB0D7B /* Products */ = {
			isa = PBXGroup;
			children = (
				C2EEB34D2754785C00DB0D7B /* PodServices.app */,
			);
			name = Products;
			sourceTree = "<group>";
		};
		C2EEB34F2754785C00DB0D7B /* PodServices */ = {
			isa = PBXGroup;
			children = (
				C2EEB3502754785C00DB0D7B /* AppDelegate.swift */,
				C2EEB3522754785C00DB0D7B /* SceneDelegate.swift */,
				C2EEB3542754785C00DB0D7B /* ViewController.swift */,
				C2EEB3662754790100DB0D7B /* movieModel.swift */,
				C2EEB3562754785C00DB0D7B /* Main.storyboard */,
				C2EEB3592754785E00DB0D7B /* Assets.xcassets */,
				C2EEB35B2754785E00DB0D7B /* LaunchScreen.storyboard */,
				C2EEB35E2754785E00DB0D7B /* Info.plist */,
				C2EEB3642754789000DB0D7B /* ServiceMovie.swift */,
			);
			path = PodServices;
			sourceTree = "<group>";
		};
/* End PBXGroup section */

/* Begin PBXNativeTarget section */
		C2EEB34C2754785C00DB0D7B /* PodServices */ = {
			isa = PBXNativeTarget;
			buildConfigurationList = C2EEB3612754785E00DB0D7B /* Build configuration list for PBXNativeTarget "PodServices" */;
			buildPhases = (
				C2EEB3492754785C00DB0D7B /* Sources */,
				C2EEB34A2754785C00DB0D7B /* Frameworks */,
				C2EEB34B2754785C00DB0D7B /* Resources */,
			);
			buildRules = (
			);
			dependencies = (
			);
			name = PodServices;
			productName = PodServices;
			productReference = C2EEB34D2754785C00DB0D7B /* PodServices.app */;
			productType = "com.apple.product-type.application";
		};
/* End PBXNativeTarget section */

/* Begin PBXProject section */
		C2EEB3452754785C00DB0D7B /* Project object */ = {
			isa = PBXProject;
			attributes = {
				BuildIndependentTargetsInParallel = 1;
				LastSwiftUpdateCheck = 1310;
				LastUpgradeCheck = 1310;
				TargetAttributes = {
					C2EEB34C2754785C00DB0D7B = {
						CreatedOnToolsVersion = 13.1;
					};
				};
			};
			buildConfigurationList = C2EEB3482754785C00DB0D7B /* Build configuration list for PBXProject "PodServices" */;
			compatibilityVersion = "Xcode 13.0";
			developmentRegion = en;
			hasScannedForEncodings = 0;
			knownRegions = (
				en,
				Base,
			);
			mainGroup = C2EEB3442754785C00DB0D7B;
			productRefGroup = C2EEB34E2754785C00DB0D7B /* Products */;
			projectDirPath = "";
			projectRoot = "";
			targets = (
				C2EEB34C2754785C00DB0D7B /* PodServices */,
			);
		};
/* End PBXProject section */

/* Begin PBXResourcesBuildPhase section */
		C2EEB34B2754785C00DB0D7B /* Resources */ = {
			isa = PBXResourcesBuildPhase;
			buildActionMask = 2147483647;
			files = (
				C2EEB35D2754785E00DB0D7B /* LaunchScreen.storyboard in Resources */,
				C2EEB35A2754785E00DB0D7B /* Assets.xcassets in Resources */,
				C2EEB3582754785C00DB0D7B /* Main.storyboard in Resources */,
			);
			runOnlyForDeploymentPostprocessing = 0;
		};
/* End PBXResourcesBuildPhase section */

/* Begin PBXSourcesBuildPhase section */
		C2EEB3492754785C00DB0D7B /* Sources */ = {
			isa = PBXSourcesBuildPhase;
			buildActionMask = 2147483647;
			files = (
				C2EEB3552754785C00DB0D7B /* ViewController.swift in Sources */,
				C2EEB3512754785C00DB0D7B /* AppDelegate.swift in Sources */,
				C2EEB3672754790100DB0D7B /* movieModel.swift in Sources */,
				C2EEB3652754789000DB0D7B /* ServiceMovie.swift in Sources */,
				C2EEB3532754785C00DB0D7B /* SceneDelegate.swift in Sources */,
			);
			runOnlyForDeploymentPostprocessing = 0;
		};
/* End PBXSourcesBuildPhase section */

/* Begin PBXVariantGroup section */
		C2EEB3562754785C00DB0D7B /* Main.storyboard */ = {
			isa = PBXVariantGroup;
			children = (
				C2EEB3572754785C00DB0D7B /* Base */,
			);
			name = Main.storyboard;
			sourceTree = "<group>";
		};
		C2EEB35B2754785E00DB0D7B /* LaunchScreen.storyboard */ = {
			isa = PBXVariantGroup;
			children = (
				C2EEB35C2754785E00DB0D7B /* Base */,
			);
			name = LaunchScreen.storyboard;
			sourceTree = "<group>";
		};
/* End PBXVariantGroup section */

/* Begin XCBuildConfiguration section */
		C2EEB35F2754785E00DB0D7B /* Debug */ = {
			isa = XCBuildConfiguration;
			buildSettings = {
				ALWAYS_SEARCH_USER_PATHS = NO;
				CLANG_ANALYZER_NONNULL = YES;
				CLANG_ANALYZER_NUMBER_OBJECT_CONVERSION = YES_AGGRESSIVE;
				CLANG_CXX_LANGUAGE_STANDARD = "gnu++17";
				CLANG_CXX_LIBRARY = "libc++";
				CLANG_ENABLE_MODULES = YES;
				CLANG_ENABLE_OBJC_ARC = YES;
				CLANG_ENABLE_OBJC_WEAK = YES;
				CLANG_WARN_BLOCK_CAPTURE_AUTORELEASING = YES;
				CLANG_WARN_BOOL_CONVERSION = YES;
				CLANG_WARN_COMMA = YES;
				CLANG_WARN_CONSTANT_CONVERSION = YES;
				CLANG_WARN_DEPRECATED_OBJC_IMPLEMENTATIONS = YES;
				CLANG_WARN_DIRECT_OBJC_ISA_USAGE = YES_ERROR;
				CLANG_WARN_DOCUMENTATION_COMMENTS = YES;
				CLANG_WARN_EMPTY_BODY = YES;
				CLANG_WARN_ENUM_CONVERSION = YES;
				CLANG_WARN_INFINITE_RECURSION = YES;
				CLANG_WARN_INT_CONVERSION = YES;
				CLANG_WARN_NON_LITERAL_NULL_CONVERSION = YES;
				CLANG_WARN_OBJC_IMPLICIT_RETAIN_SELF = YES;
				CLANG_WARN_OBJC_LITERAL_CONVERSION = YES;
				CLANG_WARN_OBJC_ROOT_CLASS = YES_ERROR;
				CLANG_WARN_QUOTED_INCLUDE_IN_FRAMEWORK_HEADER = YES;
				CLANG_WARN_RANGE_LOOP_ANALYSIS = YES;
				CLANG_WARN_STRICT_PROTOTYPES = YES;
				CLANG_WARN_SUSPICIOUS_MOVE = YES;
				CLANG_WARN_UNGUARDED_AVAILABILITY = YES_AGGRESSIVE;
				CLANG_WARN_UNREACHABLE_CODE = YES;
				CLANG_WARN__DUPLICATE_METHOD_MATCH = YES;
				COPY_PHASE_STRIP = NO;
				DEBUG_INFORMATION_FORMAT = dwarf;
				ENABLE_STRICT_OBJC_MSGSEND = YES;
				ENABLE_TESTABILITY = YES;
				GCC_C_LANGUAGE_STANDARD = gnu11;
				GCC_DYNAMIC_NO_PIC = NO;
				GCC_NO_COMMON_BLOCKS = YES;
				GCC_OPTIMIZATION_LEVEL = 0;
				GCC_PREPROCESSOR_DEFINITIONS = (
					"DEBUG=1",
					"$(inherited)",
				);
				GCC_WARN_64_TO_32_BIT_CONVERSION = YES;
				GCC_WARN_ABOUT_RETURN_TYPE = YES_ERROR;
				GCC_WARN_UNDECLARED_SELECTOR = YES;
				GCC_WARN_UNINITIALIZED_AUTOS = YES_AGGRESSIVE;
				GCC_WARN_UNUSED_FUNCTION = YES;
				GCC_WARN_UNUSED_VARIABLE = YES;
				IPHONEOS_DEPLOYMENT_TARGET = 15.0;
				MTL_ENABLE_DEBUG_INFO = INCLUDE_SOURCE;
				MTL_FAST_MATH = YES;
				ONLY_ACTIVE_ARCH = YES;
				SDKROOT = iphoneos;
				SWIFT_ACTIVE_COMPILATION_CONDITIONS = DEBUG;
				SWIFT_OPTIMIZATION_LEVEL = "-Onone";
			};
			name = Debug;
		};
		C2EEB3602754785E00DB0D7B /* Release */ = {
			isa = XCBuildConfiguration;
			buildSettings = {
				ALWAYS_SEARCH_USER_PATHS = NO;
				CLANG_ANALYZER_NONNULL = YES;
				CLANG_ANALYZER_NUMBER_OBJECT_CONVERSION = YES_AGGRESSIVE;
				CLANG_CXX_LANGUAGE_STANDARD = "gnu++17";
				CLANG_CXX_LIBRARY = "libc++";
				CLANG_ENABLE_MODULES = YES;
				CLANG_ENABLE_OBJC_ARC = YES;
				CLANG_ENABLE_OBJC_WEAK = YES;
				CLANG_WARN_BLOCK_CAPTURE_AUTORELEASING = YES;
				CLANG_WARN_BOOL_CONVERSION = YES;
				CLANG_WARN_COMMA = YES;
				CLANG_WARN_CONSTANT_CONVERSION = YES;
				CLANG_WARN_DEPRECATED_OBJC_IMPLEMENTATIONS = YES;
				CLANG_WARN_DIRECT_OBJC_ISA_USAGE = YES_ERROR;
				CLANG_WARN_DOCUMENTATION_COMMENTS = YES;
				CLANG_WARN_EMPTY_BODY = YES;
				CLANG_WARN_ENUM_CONVERSION = YES;
				CLANG_WARN_INFINITE_RECURSION = YES;
				CLANG_WARN_INT_CONVERSION = YES;
				CLANG_WARN_NON_LITERAL_NULL_CONVERSION = YES;
				CLANG_WARN_OBJC_IMPLICIT_RETAIN_SELF = YES;
				CLANG_WARN_OBJC_LITERAL_CONVERSION = YES;
				CLANG_WARN_OBJC_ROOT_CLASS = YES_ERROR;
				CLANG_WARN_QUOTED_INCLUDE_IN_FRAMEWORK_HEADER = YES;
				CLANG_WARN_RANGE_LOOP_ANALYSIS = YES;
				CLANG_WARN_STRICT_PROTOTYPES = YES;
				CLANG_WARN_SUSPICIOUS_MOVE = YES;
				CLANG_WARN_UNGUARDED_AVAILABILITY = YES_AGGRESSIVE;
				CLANG_WARN_UNREACHABLE_CODE = YES;
				CLANG_WARN__DUPLICATE_METHOD_MATCH = YES;
				COPY_PHASE_STRIP = NO;
				DEBUG_INFORMATION_FORMAT = "dwarf-with-dsym";
				ENABLE_NS_ASSERTIONS = NO;
				ENABLE_STRICT_OBJC_MSGSEND = YES;
				GCC_C_LANGUAGE_STANDARD = gnu11;
				GCC_NO_COMMON_BLOCKS = YES;
				GCC_WARN_64_TO_32_BIT_CONVERSION = YES;
				GCC_WARN_ABOUT_RETURN_TYPE = YES_ERROR;
				GCC_WARN_UNDECLARED_SELECTOR = YES;
				GCC_WARN_UNINITIALIZED_AUTOS = YES_AGGRESSIVE;
				GCC_WARN_UNUSED_FUNCTION = YES;
				GCC_WARN_UNUSED_VARIABLE = YES;
				IPHONEOS_DEPLOYMENT_TARGET = 15.0;
				MTL_ENABLE_DEBUG_INFO = NO;
				MTL_FAST_MATH = YES;
				SDKROOT = iphoneos;
				SWIFT_COMPILATION_MODE = wholemodule;
				SWIFT_OPTIMIZATION_LEVEL = "-O";
				VALIDATE_PRODUCT = YES;
			};
			name = Release;
		};
		C2EEB3622754785E00DB0D7B /* Debug */ = {
			isa = XCBuildConfiguration;
			buildSettings = {
				ASSETCATALOG_COMPILER_APPICON_NAME = AppIcon;
				ASSETCATALOG_COMPILER_GLOBAL_ACCENT_COLOR_NAME = AccentColor;
				CODE_SIGN_STYLE = Automatic;
				CURRENT_PROJECT_VERSION = 1;
				DEVELOPMENT_TEAM = DC2S85XV99;
				GENERATE_INFOPLIST_FILE = YES;
				INFOPLIST_FILE = PodServices/Info.plist;
				INFOPLIST_KEY_UIApplicationSupportsIndirectInputEvents = YES;
				INFOPLIST_KEY_UILaunchStoryboardName = LaunchScreen;
				INFOPLIST_KEY_UIMainStoryboardFile = Main;
				INFOPLIST_KEY_UISupportedInterfaceOrientations_iPad = "UIInterfaceOrientationPortrait UIInterfaceOrientationPortraitUpsideDown UIInterfaceOrientationLandscapeLeft UIInterfaceOrientationLandscapeRight";
				INFOPLIST_KEY_UISupportedInterfaceOrientations_iPhone = "UIInterfaceOrientationPortrait UIInterfaceOrientationLandscapeLeft UIInterfaceOrientationLandscapeRight";
				LD_RUNPATH_SEARCH_PATHS = (
					"$(inherited)",
					"@executable_path/Frameworks",
				);
				MARKETING_VERSION = 1.0;
				PRODUCT_BUNDLE_IDENTIFIER = prueba.PodServices;
				PRODUCT_NAME = "$(TARGET_NAME)";
				SWIFT_EMIT_LOC_STRINGS = YES;
				SWIFT_VERSION = 5.0;
				TARGETED_DEVICE_FAMILY = "1,2";
			};
			name = Debug;
		};
		C2EEB3632754785E00DB0D7B /* Release */ = {
			isa = XCBuildConfiguration;
			buildSettings = {
				ASSETCATALOG_COMPILER_APPICON_NAME = AppIcon;
				ASSETCATALOG_COMPILER_GLOBAL_ACCENT_COLOR_NAME = AccentColor;
				CODE_SIGN_STYLE = Automatic;
				CURRENT_PROJECT_VERSION = 1;
				DEVELOPMENT_TEAM = DC2S85XV99;
				GENERATE_INFOPLIST_FILE = YES;
				INFOPLIST_FILE = PodServices/Info.plist;
				INFOPLIST_KEY_UIApplicationSupportsIndirectInputEvents = YES;
				INFOPLIST_KEY_UILaunchStoryboardName = LaunchScreen;
				INFOPLIST_KEY_UIMainStoryboardFile = Main;
				INFOPLIST_KEY_UISupportedInterfaceOrientations_iPad = "UIInterfaceOrientationPortrait UIInterfaceOrientationPortraitUpsideDown UIInterfaceOrientationLandscapeLeft UIInterfaceOrientationLandscapeRight";
				INFOPLIST_KEY_UISupportedInterfaceOrientations_iPhone = "UIInterfaceOrientationPortrait UIInterfaceOrientationLandscapeLeft UIInterfaceOrientationLandscapeRight";
				LD_RUNPATH_SEARCH_PATHS = (
					"$(inherited)",
					"@executable_path/Frameworks",
				);
				MARKETING_VERSION = 1.0;
				PRODUCT_BUNDLE_IDENTIFIER = prueba.PodServices;
				PRODUCT_NAME = "$(TARGET_NAME)";
				SWIFT_EMIT_LOC_STRINGS = YES;
				SWIFT_VERSION = 5.0;
				TARGETED_DEVICE_FAMILY = "1,2";
			};
			name = Release;
		};
/* End XCBuildConfiguration section */

/* Begin XCConfigurationList section */
		C2EEB3482754785C00DB0D7B /* Build configuration list for PBXProject "PodServices" */ = {
			isa = XCConfigurationList;
			buildConfigurations = (
				C2EEB35F2754785E00DB0D7B /* Debug */,
				C2EEB3602754785E00DB0D7B /* Release */,
			);
			defaultConfigurationIsVisible = 0;
			defaultConfigurationName = Release;
		};
		C2EEB3612754785E00DB0D7B /* Build configuration list for PBXNativeTarget "PodServices" */ = {
			isa = XCConfigurationList;
			buildConfigurations = (
				C2EEB3622754785E00DB0D7B /* Debug */,
				C2EEB3632754785E00DB0D7B /* Release */,
			);
			defaultConfigurationIsVisible = 0;
			defaultConfigurationName = Release;
		};
/* End XCConfigurationList section */
	};
	rootObject = C2EEB3452754785C00DB0D7B /* Project object */;
}
